
Microsoft Visual Studio Solution File, Format Version 12.00
# Visual Studio Version 16
VisualStudioVersion = 16.0.29609.76
MinimumVisualStudioVersion = 10.0.40219.1
Project("{FAE04EC0-301F-11D3-BF4B-00C04F79EFBC}") = "StringExample", "StringExample\StringExample.csproj", "{E616D415-4E7B-40EC-A696-394937A6D764}"
EndProject
Global
	GlobalSection(SolutionConfigurationPlatforms) = preSolution
		Debug|Any CPU = Debug|Any CPU
		Release|Any CPU = Release|Any CPU
	EndGlobalSection
	GlobalSection(ProjectConfigurationPlatforms) = postSolution
		{E616D415-4E7B-40EC-A696-394937A6D764}.Debug|Any CPU.ActiveCfg = Debug|Any CPU
		{E616D415-4E7B-40EC-A696-394937A6D764}.Debug|Any CPU.Build.0 = Debug|Any CPU
		{E616D415-4E7B-40EC-A696-394937A6D764}.Release|Any CPU.ActiveCfg = Release|Any CPU
		{E616D415-4E7B-40EC-A696-394937A6D764}.Release|Any CPU.Build.0 = Release|Any CPU
	EndGlobalSection
	GlobalSection(SolutionProperties) = preSolution
		HideSolutionNode = FALSE
	EndGlobalSection
	GlobalSection(ExtensibilityGlobals) = postSolution
		SolutionGuid = {677D3A29-6BE1-4502-8DF4-5842DCE09358}
	EndGlobalSection
EndGlobal
